// !$*UTF8*$!
{
	archiveVersion = 1;
	classes = {
	};
	objectVersion = 55;
	objects = {

/* Begin PBXBuildFile section */
		007B1A5428007CC800F8A9F7 /* AppDelegate.swift in Sources */ = {isa = PBXBuildFile; fileRef = 007B1A5328007CC800F8A9F7 /* AppDelegate.swift */; };
		007B1A5628007CC800F8A9F7 /* SceneDelegate.swift in Sources */ = {isa = PBXBuildFile; fileRef = 007B1A5528007CC800F8A9F7 /* SceneDelegate.swift */; };
		007B1A5828007CC800F8A9F7 /* MainTabBarViewController.swift in Sources */ = {isa = PBXBuildFile; fileRef = 007B1A5728007CC800F8A9F7 /* MainTabBarViewController.swift */; };
		007B1A5D28007CCA00F8A9F7 /* Assets.xcassets in Resources */ = {isa = PBXBuildFile; fileRef = 007B1A5C28007CCA00F8A9F7 /* Assets.xcassets */; };
		007B1A6028007CCA00F8A9F7 /* LaunchScreen.storyboard in Resources */ = {isa = PBXBuildFile; fileRef = 007B1A5E28007CCA00F8A9F7 /* LaunchScreen.storyboard */; };
		007B1A6B28007CCA00F8A9F7 /* Netflix_CloneTests.swift in Sources */ = {isa = PBXBuildFile; fileRef = 007B1A6A28007CCA00F8A9F7 /* Netflix_CloneTests.swift */; };
		007B1A7528007CCA00F8A9F7 /* Netflix_CloneUITests.swift in Sources */ = {isa = PBXBuildFile; fileRef = 007B1A7428007CCA00F8A9F7 /* Netflix_CloneUITests.swift */; };
		007B1A7728007CCA00F8A9F7 /* Netflix_CloneUITestsLaunchTests.swift in Sources */ = {isa = PBXBuildFile; fileRef = 007B1A7628007CCA00F8A9F7 /* Netflix_CloneUITestsLaunchTests.swift */; };
		007B1A8528007F2700F8A9F7 /* HomeViewController.swift in Sources */ = {isa = PBXBuildFile; fileRef = 007B1A8428007F2700F8A9F7 /* HomeViewController.swift */; };
		007B1A8728007F5400F8A9F7 /* UpComingViewController.swift in Sources */ = {isa = PBXBuildFile; fileRef = 007B1A8628007F5400F8A9F7 /* UpComingViewController.swift */; };
		007B1A8928007FEC00F8A9F7 /* SearchViewController.swift in Sources */ = {isa = PBXBuildFile; fileRef = 007B1A8828007FEC00F8A9F7 /* SearchViewController.swift */; };
		007B1A8B2800800B00F8A9F7 /* DownloadsViewController.swift in Sources */ = {isa = PBXBuildFile; fileRef = 007B1A8A2800800B00F8A9F7 /* DownloadsViewController.swift */; };
		007B1A922800861100F8A9F7 /* CollectionViewTableViewCell.swift in Sources */ = {isa = PBXBuildFile; fileRef = 007B1A912800861100F8A9F7 /* CollectionViewTableViewCell.swift */; };
		007B1A9428008B4000F8A9F7 /* HeroHeaderUIView.swift in Sources */ = {isa = PBXBuildFile; fileRef = 007B1A9328008B4000F8A9F7 /* HeroHeaderUIView.swift */; };
		007B1A962801834800F8A9F7 /* APICaller.swift in Sources */ = {isa = PBXBuildFile; fileRef = 007B1A952801834800F8A9F7 /* APICaller.swift */; };
		007B1A98280188BD00F8A9F7 /* Title.swift in Sources */ = {isa = PBXBuildFile; fileRef = 007B1A97280188BD00F8A9F7 /* Title.swift */; };
		007B1A9A28018DA100F8A9F7 /* Extensions.swift in Sources */ = {isa = PBXBuildFile; fileRef = 007B1A9928018DA100F8A9F7 /* Extensions.swift */; };
		007B1A9E28019EE500F8A9F7 /* TitleCollectionViewCell.swift in Sources */ = {isa = PBXBuildFile; fileRef = 007B1A9D28019EE500F8A9F7 /* TitleCollectionViewCell.swift */; };
		007B1AA12801A00A00F8A9F7 /* SDWebImage in Frameworks */ = {isa = PBXBuildFile; productRef = 007B1AA02801A00A00F8A9F7 /* SDWebImage */; };
		007B1AA32801A00A00F8A9F7 /* SDWebImageMapKit in Frameworks */ = {isa = PBXBuildFile; productRef = 007B1AA22801A00A00F8A9F7 /* SDWebImageMapKit */; };
		007B1AA52801B32300F8A9F7 /* TitleTableViewCell.swift in Sources */ = {isa = PBXBuildFile; fileRef = 007B1AA42801B32300F8A9F7 /* TitleTableViewCell.swift */; };
		007B1AA72801B54200F8A9F7 /* TitleViewModel.swift in Sources */ = {isa = PBXBuildFile; fileRef = 007B1AA62801B54200F8A9F7 /* TitleViewModel.swift */; };
/* End PBXBuildFile section */

/* Begin PBXContainerItemProxy section */
		007B1A6728007CCA00F8A9F7 /* PBXContainerItemProxy */ = {
			isa = PBXContainerItemProxy;
			containerPortal = 007B1A4828007CC800F8A9F7 /* Project object */;
			proxyType = 1;
			remoteGlobalIDString = 007B1A4F28007CC800F8A9F7;
			remoteInfo = "Netflix Clone";
		};
		007B1A7128007CCA00F8A9F7 /* PBXContainerItemProxy */ = {
			isa = PBXContainerItemProxy;
			containerPortal = 007B1A4828007CC800F8A9F7 /* Project object */;
			proxyType = 1;
			remoteGlobalIDString = 007B1A4F28007CC800F8A9F7;
			remoteInfo = "Netflix Clone";
		};
/* End PBXContainerItemProxy section */

/* Begin PBXFileReference section */
		007B1A5028007CC800F8A9F7 /* Netflix Clone.app */ = {isa = PBXFileReference; explicitFileType = wrapper.application; includeInIndex = 0; path = "Netflix Clone.app"; sourceTree = BUILT_PRODUCTS_DIR; };
		007B1A5328007CC800F8A9F7 /* AppDelegate.swift */ = {isa = PBXFileReference; lastKnownFileType = sourcecode.swift; path = AppDelegate.swift; sourceTree = "<group>"; };
		007B1A5528007CC800F8A9F7 /* SceneDelegate.swift */ = {isa = PBXFileReference; lastKnownFileType = sourcecode.swift; path = SceneDelegate.swift; sourceTree = "<group>"; };
		007B1A5728007CC800F8A9F7 /* MainTabBarViewController.swift */ = {isa = PBXFileReference; lastKnownFileType = sourcecode.swift; path = MainTabBarViewController.swift; sourceTree = "<group>"; };
		007B1A5C28007CCA00F8A9F7 /* Assets.xcassets */ = {isa = PBXFileReference; lastKnownFileType = folder.assetcatalog; path = Assets.xcassets; sourceTree = "<group>"; };
		007B1A5F28007CCA00F8A9F7 /* Base */ = {isa = PBXFileReference; lastKnownFileType = file.storyboard; name = Base; path = Base.lproj/LaunchScreen.storyboard; sourceTree = "<group>"; };
		007B1A6128007CCA00F8A9F7 /* Info.plist */ = {isa = PBXFileReference; lastKnownFileType = text.plist.xml; path = Info.plist; sourceTree = "<group>"; };
		007B1A6628007CCA00F8A9F7 /* Netflix CloneTests.xctest */ = {isa = PBXFileReference; explicitFileType = wrapper.cfbundle; includeInIndex = 0; path = "Netflix CloneTests.xctest"; sourceTree = BUILT_PRODUCTS_DIR; };
		007B1A6A28007CCA00F8A9F7 /* Netflix_CloneTests.swift */ = {isa = PBXFileReference; lastKnownFileType = sourcecode.swift; path = Netflix_CloneTests.swift; sourceTree = "<group>"; };
		007B1A7028007CCA00F8A9F7 /* Netflix CloneUITests.xctest */ = {isa = PBXFileReference; explicitFileType = wrapper.cfbundle; includeInIndex = 0; path = "Netflix CloneUITests.xctest"; sourceTree = BUILT_PRODUCTS_DIR; };
		007B1A7428007CCA00F8A9F7 /* Netflix_CloneUITests.swift */ = {isa = PBXFileReference; lastKnownFileType = sourcecode.swift; path = Netflix_CloneUITests.swift; sourceTree = "<group>"; };
		007B1A7628007CCA00F8A9F7 /* Netflix_CloneUITestsLaunchTests.swift */ = {isa = PBXFileReference; lastKnownFileType = sourcecode.swift; path = Netflix_CloneUITestsLaunchTests.swift; sourceTree = "<group>"; };
		007B1A8428007F2700F8A9F7 /* HomeViewController.swift */ = {isa = PBXFileReference; lastKnownFileType = sourcecode.swift; path = HomeViewController.swift; sourceTree = "<group>"; };
		007B1A8628007F5400F8A9F7 /* UpComingViewController.swift */ = {isa = PBXFileReference; lastKnownFileType = sourcecode.swift; path = UpComingViewController.swift; sourceTree = "<group>"; };
		007B1A8828007FEC00F8A9F7 /* SearchViewController.swift */ = {isa = PBXFileReference; lastKnownFileType = sourcecode.swift; path = SearchViewController.swift; sourceTree = "<group>"; };
		007B1A8A2800800B00F8A9F7 /* DownloadsViewController.swift */ = {isa = PBXFileReference; lastKnownFileType = sourcecode.swift; path = DownloadsViewController.swift; sourceTree = "<group>"; };
		007B1A912800861100F8A9F7 /* CollectionViewTableViewCell.swift */ = {isa = PBXFileReference; lastKnownFileType = sourcecode.swift; path = CollectionViewTableViewCell.swift; sourceTree = "<group>"; };
		007B1A9328008B4000F8A9F7 /* HeroHeaderUIView.swift */ = {isa = PBXFileReference; lastKnownFileType = sourcecode.swift; path = HeroHeaderUIView.swift; sourceTree = "<group>"; };
		007B1A952801834800F8A9F7 /* APICaller.swift */ = {isa = PBXFileReference; lastKnownFileType = sourcecode.swift; path = APICaller.swift; sourceTree = "<group>"; };
		007B1A97280188BD00F8A9F7 /* Title.swift */ = {isa = PBXFileReference; lastKnownFileType = sourcecode.swift; path = Title.swift; sourceTree = "<group>"; };
		007B1A9928018DA100F8A9F7 /* Extensions.swift */ = {isa = PBXFileReference; lastKnownFileType = sourcecode.swift; path = Extensions.swift; sourceTree = "<group>"; };
		007B1A9D28019EE500F8A9F7 /* TitleCollectionViewCell.swift */ = {isa = PBXFileReference; lastKnownFileType = sourcecode.swift; path = TitleCollectionViewCell.swift; sourceTree = "<group>"; };
		007B1AA42801B32300F8A9F7 /* TitleTableViewCell.swift */ = {isa = PBXFileReference; lastKnownFileType = sourcecode.swift; path = TitleTableViewCell.swift; sourceTree = "<group>"; };
		007B1AA62801B54200F8A9F7 /* TitleViewModel.swift */ = {isa = PBXFileReference; lastKnownFileType = sourcecode.swift; path = TitleViewModel.swift; sourceTree = "<group>"; };
/* End PBXFileReference section */

/* Begin PBXFrameworksBuildPhase section */
		007B1A4D28007CC800F8A9F7 /* Frameworks */ = {
			isa = PBXFrameworksBuildPhase;
			buildActionMask = 2147483647;
			files = (
				007B1AA32801A00A00F8A9F7 /* SDWebImageMapKit in Frameworks */,
				007B1AA12801A00A00F8A9F7 /* SDWebImage in Frameworks */,
			);
			runOnlyForDeploymentPostprocessing = 0;
		};
		007B1A6328007CCA00F8A9F7 /* Frameworks */ = {
			isa = PBXFrameworksBuildPhase;
			buildActionMask = 2147483647;
			files = (
			);
			runOnlyForDeploymentPostprocessing = 0;
		};
		007B1A6D28007CCA00F8A9F7 /* Frameworks */ = {
			isa = PBXFrameworksBuildPhase;
			buildActionMask = 2147483647;
			files = (
			);
			runOnlyForDeploymentPostprocessing = 0;
		};
/* End PBXFrameworksBuildPhase section */

/* Begin PBXGroup section */
		007B1A4728007CC800F8A9F7 = {
			isa = PBXGroup;
			children = (
				007B1A5228007CC800F8A9F7 /* Netflix Clone */,
				007B1A6928007CCA00F8A9F7 /* Netflix CloneTests */,
				007B1A7328007CCA00F8A9F7 /* Netflix CloneUITests */,
				007B1A5128007CC800F8A9F7 /* Products */,
			);
			sourceTree = "<group>";
		};
		007B1A5128007CC800F8A9F7 /* Products */ = {
			isa = PBXGroup;
			children = (
				007B1A5028007CC800F8A9F7 /* Netflix Clone.app */,
				007B1A6628007CCA00F8A9F7 /* Netflix CloneTests.xctest */,
				007B1A7028007CCA00F8A9F7 /* Netflix CloneUITests.xctest */,
			);
			name = Products;
			sourceTree = "<group>";
		};
		007B1A5228007CC800F8A9F7 /* Netflix Clone */ = {
			isa = PBXGroup;
			children = (
				007B1A90280085C200F8A9F7 /* Managers */,
				007B1A8F280085B500F8A9F7 /* Resources */,
				007B1A8E2800858700F8A9F7 /* Models */,
				007B1A8C2800857800F8A9F7 /* View */,
				007B1A8D2800857F00F8A9F7 /* ViewModels */,
				007B1A8328007F1100F8A9F7 /* Controllers */,
				007B1A5328007CC800F8A9F7 /* AppDelegate.swift */,
				007B1A5528007CC800F8A9F7 /* SceneDelegate.swift */,
				007B1A5728007CC800F8A9F7 /* MainTabBarViewController.swift */,
				007B1A5C28007CCA00F8A9F7 /* Assets.xcassets */,
				007B1A5E28007CCA00F8A9F7 /* LaunchScreen.storyboard */,
				007B1A6128007CCA00F8A9F7 /* Info.plist */,
			);
			path = "Netflix Clone";
			sourceTree = "<group>";
		};
		007B1A6928007CCA00F8A9F7 /* Netflix CloneTests */ = {
			isa = PBXGroup;
			children = (
				007B1A6A28007CCA00F8A9F7 /* Netflix_CloneTests.swift */,
			);
			path = "Netflix CloneTests";
			sourceTree = "<group>";
		};
		007B1A7328007CCA00F8A9F7 /* Netflix CloneUITests */ = {
			isa = PBXGroup;
			children = (
				007B1A7428007CCA00F8A9F7 /* Netflix_CloneUITests.swift */,
				007B1A7628007CCA00F8A9F7 /* Netflix_CloneUITestsLaunchTests.swift */,
			);
			path = "Netflix CloneUITests";
			sourceTree = "<group>";
		};
		007B1A8328007F1100F8A9F7 /* Controllers */ = {
			isa = PBXGroup;
			children = (
				007B1A8428007F2700F8A9F7 /* HomeViewController.swift */,
				007B1A8628007F5400F8A9F7 /* UpComingViewController.swift */,
				007B1A8828007FEC00F8A9F7 /* SearchViewController.swift */,
				007B1A8A2800800B00F8A9F7 /* DownloadsViewController.swift */,
			);
			path = Controllers;
			sourceTree = "<group>";
		};
		007B1A8C2800857800F8A9F7 /* View */ = {
			isa = PBXGroup;
			children = (
				007B1A912800861100F8A9F7 /* CollectionViewTableViewCell.swift */,
				007B1A9328008B4000F8A9F7 /* HeroHeaderUIView.swift */,
				007B1A9D28019EE500F8A9F7 /* TitleCollectionViewCell.swift */,
				007B1AA42801B32300F8A9F7 /* TitleTableViewCell.swift */,
			);
			path = View;
			sourceTree = "<group>";
		};
		007B1A8D2800857F00F8A9F7 /* ViewModels */ = {
			isa = PBXGroup;
			children = (
				007B1AA62801B54200F8A9F7 /* TitleViewModel.swift */,
			);
			path = ViewModels;
			sourceTree = "<group>";
		};
		007B1A8E2800858700F8A9F7 /* Models */ = {
			isa = PBXGroup;
			children = (
				007B1A97280188BD00F8A9F7 /* Title.swift */,
			);
			path = Models;
			sourceTree = "<group>";
		};
		007B1A8F280085B500F8A9F7 /* Resources */ = {
			isa = PBXGroup;
			children = (
				007B1A9928018DA100F8A9F7 /* Extensions.swift */,
			);
			path = Resources;
			sourceTree = "<group>";
		};
		007B1A90280085C200F8A9F7 /* Managers */ = {
			isa = PBXGroup;
			children = (
				007B1A952801834800F8A9F7 /* APICaller.swift */,
			);
			path = Managers;
			sourceTree = "<group>";
		};
/* End PBXGroup section */

/* Begin PBXNativeTarget section */
		007B1A4F28007CC800F8A9F7 /* Netflix Clone */ = {
			isa = PBXNativeTarget;
			buildConfigurationList = 007B1A7A28007CCA00F8A9F7 /* Build configuration list for PBXNativeTarget "Netflix Clone" */;
			buildPhases = (
				007B1A4C28007CC800F8A9F7 /* Sources */,
				007B1A4D28007CC800F8A9F7 /* Frameworks */,
				007B1A4E28007CC800F8A9F7 /* Resources */,
			);
			buildRules = (
			);
			dependencies = (
			);
			name = "Netflix Clone";
			packageProductDependencies = (
				007B1AA02801A00A00F8A9F7 /* SDWebImage */,
				007B1AA22801A00A00F8A9F7 /* SDWebImageMapKit */,
			);
			productName = "Netflix Clone";
			productReference = 007B1A5028007CC800F8A9F7 /* Netflix Clone.app */;
			productType = "com.apple.product-type.application";
		};
		007B1A6528007CCA00F8A9F7 /* Netflix CloneTests */ = {
			isa = PBXNativeTarget;
			buildConfigurationList = 007B1A7D28007CCA00F8A9F7 /* Build configuration list for PBXNativeTarget "Netflix CloneTests" */;
			buildPhases = (
				007B1A6228007CCA00F8A9F7 /* Sources */,
				007B1A6328007CCA00F8A9F7 /* Frameworks */,
				007B1A6428007CCA00F8A9F7 /* Resources */,
			);
			buildRules = (
			);
			dependencies = (
				007B1A6828007CCA00F8A9F7 /* PBXTargetDependency */,
			);
			name = "Netflix CloneTests";
			productName = "Netflix CloneTests";
			productReference = 007B1A6628007CCA00F8A9F7 /* Netflix CloneTests.xctest */;
			productType = "com.apple.product-type.bundle.unit-test";
		};
		007B1A6F28007CCA00F8A9F7 /* Netflix CloneUITests */ = {
			isa = PBXNativeTarget;
			buildConfigurationList = 007B1A8028007CCA00F8A9F7 /* Build configuration list for PBXNativeTarget "Netflix CloneUITests" */;
			buildPhases = (
				007B1A6C28007CCA00F8A9F7 /* Sources */,
				007B1A6D28007CCA00F8A9F7 /* Frameworks */,
				007B1A6E28007CCA00F8A9F7 /* Resources */,
			);
			buildRules = (
			);
			dependencies = (
				007B1A7228007CCA00F8A9F7 /* PBXTargetDependency */,
			);
			name = "Netflix CloneUITests";
			productName = "Netflix CloneUITests";
			productReference = 007B1A7028007CCA00F8A9F7 /* Netflix CloneUITests.xctest */;
			productType = "com.apple.product-type.bundle.ui-testing";
		};
/* End PBXNativeTarget section */

/* Begin PBXProject section */
		007B1A4828007CC800F8A9F7 /* Project object */ = {
			isa = PBXProject;
			attributes = {
				BuildIndependentTargetsInParallel = 1;
				LastSwiftUpdateCheck = 1320;
				LastUpgradeCheck = 1320;
				TargetAttributes = {
					007B1A4F28007CC800F8A9F7 = {
						CreatedOnToolsVersion = 13.2.1;
					};
					007B1A6528007CCA00F8A9F7 = {
						CreatedOnToolsVersion = 13.2.1;
						TestTargetID = 007B1A4F28007CC800F8A9F7;
					};
					007B1A6F28007CCA00F8A9F7 = {
						CreatedOnToolsVersion = 13.2.1;
						TestTargetID = 007B1A4F28007CC800F8A9F7;
					};
				};
			};
			buildConfigurationList = 007B1A4B28007CC800F8A9F7 /* Build configuration list for PBXProject "Netflix Clone" */;
			compatibilityVersion = "Xcode 13.0";
			developmentRegion = en;
			hasScannedForEncodings = 0;
			knownRegions = (
				en,
				Base,
			);
			mainGroup = 007B1A4728007CC800F8A9F7;
			packageReferences = (
				007B1A9F2801A00A00F8A9F7 /* XCRemoteSwiftPackageReference "SDWebImage" */,
			);
			productRefGroup = 007B1A5128007CC800F8A9F7 /* Products */;
			projectDirPath = "";
			projectRoot = "";
			targets = (
				007B1A4F28007CC800F8A9F7 /* Netflix Clone */,
				007B1A6528007CCA00F8A9F7 /* Netflix CloneTests */,
				007B1A6F28007CCA00F8A9F7 /* Netflix CloneUITests */,
			);
		};
/* End PBXProject section */

/* Begin PBXResourcesBuildPhase section */
		007B1A4E28007CC800F8A9F7 /* Resources */ = {
			isa = PBXResourcesBuildPhase;
			buildActionMask = 2147483647;
			files = (
				007B1A6028007CCA00F8A9F7 /* LaunchScreen.storyboard in Resources */,
				007B1A5D28007CCA00F8A9F7 /* Assets.xcassets in Resources */,
			);
			runOnlyForDeploymentPostprocessing = 0;
		};
		007B1A6428007CCA00F8A9F7 /* Resources */ = {
			isa = PBXResourcesBuildPhase;
			buildActionMask = 2147483647;
			files = (
			);
			runOnlyForDeploymentPostprocessing = 0;
		};
		007B1A6E28007CCA00F8A9F7 /* Resources */ = {
			isa = PBXResourcesBuildPhase;
			buildActionMask = 2147483647;
			files = (
			);
			runOnlyForDeploymentPostprocessing = 0;
		};
/* End PBXResourcesBuildPhase section */

/* Begin PBXSourcesBuildPhase section */
		007B1A4C28007CC800F8A9F7 /* Sources */ = {
			isa = PBXSourcesBuildPhase;
			buildActionMask = 2147483647;
			files = (
				007B1AA52801B32300F8A9F7 /* TitleTableViewCell.swift in Sources */,
				007B1A8928007FEC00F8A9F7 /* SearchViewController.swift in Sources */,
				007B1A9E28019EE500F8A9F7 /* TitleCollectionViewCell.swift in Sources */,
				007B1A5828007CC800F8A9F7 /* MainTabBarViewController.swift in Sources */,
				007B1A922800861100F8A9F7 /* CollectionViewTableViewCell.swift in Sources */,
				007B1A962801834800F8A9F7 /* APICaller.swift in Sources */,
				007B1A9428008B4000F8A9F7 /* HeroHeaderUIView.swift in Sources */,
				007B1A8B2800800B00F8A9F7 /* DownloadsViewController.swift in Sources */,
				007B1A5428007CC800F8A9F7 /* AppDelegate.swift in Sources */,
				007B1A9A28018DA100F8A9F7 /* Extensions.swift in Sources */,
				007B1A8728007F5400F8A9F7 /* UpComingViewController.swift in Sources */,
				007B1A5628007CC800F8A9F7 /* SceneDelegate.swift in Sources */,
				007B1A98280188BD00F8A9F7 /* Title.swift in Sources */,
				007B1A8528007F2700F8A9F7 /* HomeViewController.swift in Sources */,
				007B1AA72801B54200F8A9F7 /* TitleViewModel.swift in Sources */,
			);
			runOnlyForDeploymentPostprocessing = 0;
		};
		007B1A6228007CCA00F8A9F7 /* Sources */ = {
			isa = PBXSourcesBuildPhase;
			buildActionMask = 2147483647;
			files = (
				007B1A6B28007CCA00F8A9F7 /* Netflix_CloneTests.swift in Sources */,
			);
			runOnlyForDeploymentPostprocessing = 0;
		};
		007B1A6C28007CCA00F8A9F7 /* Sources */ = {
			isa = PBXSourcesBuildPhase;
			buildActionMask = 2147483647;
			files = (
				007B1A7528007CCA00F8A9F7 /* Netflix_CloneUITests.swift in Sources */,
				007B1A7728007CCA00F8A9F7 /* Netflix_CloneUITestsLaunchTests.swift in Sources */,
			);
			runOnlyForDeploymentPostprocessing = 0;
		};
/* End PBXSourcesBuildPhase section */

/* Begin PBXTargetDependency section */
		007B1A6828007CCA00F8A9F7 /* PBXTargetDependency */ = {
			isa = PBXTargetDependency;
			target = 007B1A4F28007CC800F8A9F7 /* Netflix Clone */;
			targetProxy = 007B1A6728007CCA00F8A9F7 /* PBXContainerItemProxy */;
		};
		007B1A7228007CCA00F8A9F7 /* PBXTargetDependency */ = {
			isa = PBXTargetDependency;
			target = 007B1A4F28007CC800F8A9F7 /* Netflix Clone */;
			targetProxy = 007B1A7128007CCA00F8A9F7 /* PBXContainerItemProxy */;
		};
/* End PBXTargetDependency section */

/* Begin PBXVariantGroup section */
		007B1A5E28007CCA00F8A9F7 /* LaunchScreen.storyboard */ = {
			isa = PBXVariantGroup;
			children = (
				007B1A5F28007CCA00F8A9F7 /* Base */,
			);
			name = LaunchScreen.storyboard;
			sourceTree = "<group>";
		};
/* End PBXVariantGroup section */

/* Begin XCBuildConfiguration section */
		007B1A7828007CCA00F8A9F7 /* Debug */ = {
			isa = XCBuildConfiguration;
			buildSettings = {
				ALWAYS_SEARCH_USER_PATHS = NO;
				CLANG_ANALYZER_NONNULL = YES;
				CLANG_ANALYZER_NUMBER_OBJECT_CONVERSION = YES_AGGRESSIVE;
				CLANG_CXX_LANGUAGE_STANDARD = "gnu++17";
				CLANG_CXX_LIBRARY = "libc++";
				CLANG_ENABLE_MODULES = YES;
				CLANG_ENABLE_OBJC_ARC = YES;
				CLANG_ENABLE_OBJC_WEAK = YES;
				CLANG_WARN_BLOCK_CAPTURE_AUTORELEASING = YES;
				CLANG_WARN_BOOL_CONVERSION = YES;
				CLANG_WARN_COMMA = YES;
				CLANG_WARN_CONSTANT_CONVERSION = YES;
				CLANG_WARN_DEPRECATED_OBJC_IMPLEMENTATIONS = YES;
				CLANG_WARN_DIRECT_OBJC_ISA_USAGE = YES_ERROR;
				CLANG_WARN_DOCUMENTATION_COMMENTS = YES;
				CLANG_WARN_EMPTY_BODY = YES;
				CLANG_WARN_ENUM_CONVERSION = YES;
				CLANG_WARN_INFINITE_RECURSION = YES;
				CLANG_WARN_INT_CONVERSION = YES;
				CLANG_WARN_NON_LITERAL_NULL_CONVERSION = YES;
				CLANG_WARN_OBJC_IMPLICIT_RETAIN_SELF = YES;
				CLANG_WARN_OBJC_LITERAL_CONVERSION = YES;
				CLANG_WARN_OBJC_ROOT_CLASS = YES_ERROR;
				CLANG_WARN_QUOTED_INCLUDE_IN_FRAMEWORK_HEADER = YES;
				CLANG_WARN_RANGE_LOOP_ANALYSIS = YES;
				CLANG_WARN_STRICT_PROTOTYPES = YES;
				CLANG_WARN_SUSPICIOUS_MOVE = YES;
				CLANG_WARN_UNGUARDED_AVAILABILITY = YES_AGGRESSIVE;
				CLANG_WARN_UNREACHABLE_CODE = YES;
				CLANG_WARN__DUPLICATE_METHOD_MATCH = YES;
				COPY_PHASE_STRIP = NO;
				DEBUG_INFORMATION_FORMAT = dwarf;
				ENABLE_STRICT_OBJC_MSGSEND = YES;
				ENABLE_TESTABILITY = YES;
				GCC_C_LANGUAGE_STANDARD = gnu11;
				GCC_DYNAMIC_NO_PIC = NO;
				GCC_NO_COMMON_BLOCKS = YES;
				GCC_OPTIMIZATION_LEVEL = 0;
				GCC_PREPROCESSOR_DEFINITIONS = (
					"DEBUG=1",
					"$(inherited)",
				);
				GCC_WARN_64_TO_32_BIT_CONVERSION = YES;
				GCC_WARN_ABOUT_RETURN_TYPE = YES_ERROR;
				GCC_WARN_UNDECLARED_SELECTOR = YES;
				GCC_WARN_UNINITIALIZED_AUTOS = YES_AGGRESSIVE;
				GCC_WARN_UNUSED_FUNCTION = YES;
				GCC_WARN_UNUSED_VARIABLE = YES;
				IPHONEOS_DEPLOYMENT_TARGET = 15.2;
				MTL_ENABLE_DEBUG_INFO = INCLUDE_SOURCE;
				MTL_FAST_MATH = YES;
				ONLY_ACTIVE_ARCH = YES;
				SDKROOT = iphoneos;
				SWIFT_ACTIVE_COMPILATION_CONDITIONS = DEBUG;
				SWIFT_OPTIMIZATION_LEVEL = "-Onone";
			};
			name = Debug;
		};
		007B1A7928007CCA00F8A9F7 /* Release */ = {
			isa = XCBuildConfiguration;
			buildSettings = {
				ALWAYS_SEARCH_USER_PATHS = NO;
				CLANG_ANALYZER_NONNULL = YES;
				CLANG_ANALYZER_NUMBER_OBJECT_CONVERSION = YES_AGGRESSIVE;
				CLANG_CXX_LANGUAGE_STANDARD = "gnu++17";
				CLANG_CXX_LIBRARY = "libc++";
				CLANG_ENABLE_MODULES = YES;
				CLANG_ENABLE_OBJC_ARC = YES;
				CLANG_ENABLE_OBJC_WEAK = YES;
				CLANG_WARN_BLOCK_CAPTURE_AUTORELEASING = YES;
				CLANG_WARN_BOOL_CONVERSION = YES;
				CLANG_WARN_COMMA = YES;
				CLANG_WARN_CONSTANT_CONVERSION = YES;
				CLANG_WARN_DEPRECATED_OBJC_IMPLEMENTATIONS = YES;
				CLANG_WARN_DIRECT_OBJC_ISA_USAGE = YES_ERROR;
				CLANG_WARN_DOCUMENTATION_COMMENTS = YES;
				CLANG_WARN_EMPTY_BODY = YES;
				CLANG_WARN_ENUM_CONVERSION = YES;
				CLANG_WARN_INFINITE_RECURSION = YES;
				CLANG_WARN_INT_CONVERSION = YES;
				CLANG_WARN_NON_LITERAL_NULL_CONVERSION = YES;
				CLANG_WARN_OBJC_IMPLICIT_RETAIN_SELF = YES;
				CLANG_WARN_OBJC_LITERAL_CONVERSION = YES;
				CLANG_WARN_OBJC_ROOT_CLASS = YES_ERROR;
				CLANG_WARN_QUOTED_INCLUDE_IN_FRAMEWORK_HEADER = YES;
				CLANG_WARN_RANGE_LOOP_ANALYSIS = YES;
				CLANG_WARN_STRICT_PROTOTYPES = YES;
				CLANG_WARN_SUSPICIOUS_MOVE = YES;
				CLANG_WARN_UNGUARDED_AVAILABILITY = YES_AGGRESSIVE;
				CLANG_WARN_UNREACHABLE_CODE = YES;
				CLANG_WARN__DUPLICATE_METHOD_MATCH = YES;
				COPY_PHASE_STRIP = NO;
				DEBUG_INFORMATION_FORMAT = "dwarf-with-dsym";
				ENABLE_NS_ASSERTIONS = NO;
				ENABLE_STRICT_OBJC_MSGSEND = YES;
				GCC_C_LANGUAGE_STANDARD = gnu11;
				GCC_NO_COMMON_BLOCKS = YES;
				GCC_WARN_64_TO_32_BIT_CONVERSION = YES;
				GCC_WARN_ABOUT_RETURN_TYPE = YES_ERROR;
				GCC_WARN_UNDECLARED_SELECTOR = YES;
				GCC_WARN_UNINITIALIZED_AUTOS = YES_AGGRESSIVE;
				GCC_WARN_UNUSED_FUNCTION = YES;
				GCC_WARN_UNUSED_VARIABLE = YES;
				IPHONEOS_DEPLOYMENT_TARGET = 15.2;
				MTL_ENABLE_DEBUG_INFO = NO;
				MTL_FAST_MATH = YES;
				SDKROOT = iphoneos;
				SWIFT_COMPILATION_MODE = wholemodule;
				SWIFT_OPTIMIZATION_LEVEL = "-O";
				VALIDATE_PRODUCT = YES;
			};
			name = Release;
		};
		007B1A7B28007CCA00F8A9F7 /* Debug */ = {
			isa = XCBuildConfiguration;
			buildSettings = {
				ASSETCATALOG_COMPILER_APPICON_NAME = AppIcon;
				ASSETCATALOG_COMPILER_GLOBAL_ACCENT_COLOR_NAME = AccentColor;
				CODE_SIGN_STYLE = Automatic;
				CURRENT_PROJECT_VERSION = 1;
				GENERATE_INFOPLIST_FILE = YES;
				INFOPLIST_FILE = "Netflix Clone/Info.plist";
				INFOPLIST_KEY_UIApplicationSupportsIndirectInputEvents = YES;
				INFOPLIST_KEY_UILaunchStoryboardName = LaunchScreen;
				INFOPLIST_KEY_UISupportedInterfaceOrientations_iPad = "UIInterfaceOrientationPortrait UIInterfaceOrientationPortraitUpsideDown UIInterfaceOrientationLandscapeLeft UIInterfaceOrientationLandscapeRight";
				INFOPLIST_KEY_UISupportedInterfaceOrientations_iPhone = "UIInterfaceOrientationPortrait UIInterfaceOrientationLandscapeLeft UIInterfaceOrientationLandscapeRight";
				LD_RUNPATH_SEARCH_PATHS = (
					"$(inherited)",
					"@executable_path/Frameworks",
				);
				MARKETING_VERSION = 1.0;
				PRODUCT_BUNDLE_IDENTIFIER = "com.ozaltun.Netflix-Clone";
				PRODUCT_NAME = "$(TARGET_NAME)";
				SWIFT_EMIT_LOC_STRINGS = YES;
				SWIFT_VERSION = 5.0;
				TARGETED_DEVICE_FAMILY = "1,2";
			};
			name = Debug;
		};
		007B1A7C28007CCA00F8A9F7 /* Release */ = {
			isa = XCBuildConfiguration;
			buildSettings = {
				ASSETCATALOG_COMPILER_APPICON_NAME = AppIcon;
				ASSETCATALOG_COMPILER_GLOBAL_ACCENT_COLOR_NAME = AccentColor;
				CODE_SIGN_STYLE = Automatic;
				CURRENT_PROJECT_VERSION = 1;
				GENERATE_INFOPLIST_FILE = YES;
				INFOPLIST_FILE = "Netflix Clone/Info.plist";
				INFOPLIST_KEY_UIApplicationSupportsIndirectInputEvents = YES;
				INFOPLIST_KEY_UILaunchStoryboardName = LaunchScreen;
				INFOPLIST_KEY_UISupportedInterfaceOrientations_iPad = "UIInterfaceOrientationPortrait UIInterfaceOrientationPortraitUpsideDown UIInterfaceOrientationLandscapeLeft UIInterfaceOrientationLandscapeRight";
				INFOPLIST_KEY_UISupportedInterfaceOrientations_iPhone = "UIInterfaceOrientationPortrait UIInterfaceOrientationLandscapeLeft UIInterfaceOrientationLandscapeRight";
				LD_RUNPATH_SEARCH_PATHS = (
					"$(inherited)",
					"@executable_path/Frameworks",
				);
				MARKETING_VERSION = 1.0;
				PRODUCT_BUNDLE_IDENTIFIER = "com.ozaltun.Netflix-Clone";
				PRODUCT_NAME = "$(TARGET_NAME)";
				SWIFT_EMIT_LOC_STRINGS = YES;
				SWIFT_VERSION = 5.0;
				TARGETED_DEVICE_FAMILY = "1,2";
			};
			name = Release;
		};
		007B1A7E28007CCA00F8A9F7 /* Debug */ = {
			isa = XCBuildConfiguration;
			buildSettings = {
				ALWAYS_EMBED_SWIFT_STANDARD_LIBRARIES = YES;
				BUNDLE_LOADER = "$(TEST_HOST)";
				CODE_SIGN_STYLE = Automatic;
				CURRENT_PROJECT_VERSION = 1;
				GENERATE_INFOPLIST_FILE = YES;
				IPHONEOS_DEPLOYMENT_TARGET = 15.2;
				MARKETING_VERSION = 1.0;
				PRODUCT_BUNDLE_IDENTIFIER = "com.ozaltun.Netflix-CloneTests";
				PRODUCT_NAME = "$(TARGET_NAME)";
				SWIFT_EMIT_LOC_STRINGS = NO;
				SWIFT_VERSION = 5.0;
				TARGETED_DEVICE_FAMILY = "1,2";
				TEST_HOST = "$(BUILT_PRODUCTS_DIR)/Netflix Clone.app/Netflix Clone";
			};
			name = Debug;
		};
		007B1A7F28007CCA00F8A9F7 /* Release */ = {
			isa = XCBuildConfiguration;
			buildSettings = {
				ALWAYS_EMBED_SWIFT_STANDARD_LIBRARIES = YES;
				BUNDLE_LOADER = "$(TEST_HOST)";
				CODE_SIGN_STYLE = Automatic;
				CURRENT_PROJECT_VERSION = 1;
				GENERATE_INFOPLIST_FILE = YES;
				IPHONEOS_DEPLOYMENT_TARGET = 15.2;
				MARKETING_VERSION = 1.0;
				PRODUCT_BUNDLE_IDENTIFIER = "com.ozaltun.Netflix-CloneTests";
				PRODUCT_NAME = "$(TARGET_NAME)";
				SWIFT_EMIT_LOC_STRINGS = NO;
				SWIFT_VERSION = 5.0;
				TARGETED_DEVICE_FAMILY = "1,2";
				TEST_HOST = "$(BUILT_PRODUCTS_DIR)/Netflix Clone.app/Netflix Clone";
			};
			name = Release;
		};
		007B1A8128007CCA00F8A9F7 /* Debug */ = {
			isa = XCBuildConfiguration;
			buildSettings = {
				ALWAYS_EMBED_SWIFT_STANDARD_LIBRARIES = YES;
				CODE_SIGN_STYLE = Automatic;
				CURRENT_PROJECT_VERSION = 1;
				GENERATE_INFOPLIST_FILE = YES;
				MARKETING_VERSION = 1.0;
				PRODUCT_BUNDLE_IDENTIFIER = "com.ozaltun.Netflix-CloneUITests";
				PRODUCT_NAME = "$(TARGET_NAME)";
				SWIFT_EMIT_LOC_STRINGS = NO;
				SWIFT_VERSION = 5.0;
				TARGETED_DEVICE_FAMILY = "1,2";
				TEST_TARGET_NAME = "Netflix Clone";
			};
			name = Debug;
		};
		007B1A8228007CCA00F8A9F7 /* Release */ = {
			isa = XCBuildConfiguration;
			buildSettings = {
				ALWAYS_EMBED_SWIFT_STANDARD_LIBRARIES = YES;
				CODE_SIGN_STYLE = Automatic;
				CURRENT_PROJECT_VERSION = 1;
				GENERATE_INFOPLIST_FILE = YES;
				MARKETING_VERSION = 1.0;
				PRODUCT_BUNDLE_IDENTIFIER = "com.ozaltun.Netflix-CloneUITests";
				PRODUCT_NAME = "$(TARGET_NAME)";
				SWIFT_EMIT_LOC_STRINGS = NO;
				SWIFT_VERSION = 5.0;
				TARGETED_DEVICE_FAMILY = "1,2";
				TEST_TARGET_NAME = "Netflix Clone";
			};
			name = Release;
		};
/* End XCBuildConfiguration section */

/* Begin XCConfigurationList section */
		007B1A4B28007CC800F8A9F7 /* Build configuration list for PBXProject "Netflix Clone" */ = {
			isa = XCConfigurationList;
			buildConfigurations = (
				007B1A7828007CCA00F8A9F7 /* Debug */,
				007B1A7928007CCA00F8A9F7 /* Release */,
			);
			defaultConfigurationIsVisible = 0;
			defaultConfigurationName = Release;
		};
		007B1A7A28007CCA00F8A9F7 /* Build configuration list for PBXNativeTarget "Netflix Clone" */ = {
			isa = XCConfigurationList;
			buildConfigurations = (
				007B1A7B28007CCA00F8A9F7 /* Debug */,
				007B1A7C28007CCA00F8A9F7 /* Release */,
			);
			defaultConfigurationIsVisible = 0;
			defaultConfigurationName = Release;
		};
		007B1A7D28007CCA00F8A9F7 /* Build configuration list for PBXNativeTarget "Netflix CloneTests" */ = {
			isa = XCConfigurationList;
			buildConfigurations = (
				007B1A7E28007CCA00F8A9F7 /* Debug */,
				007B1A7F28007CCA00F8A9F7 /* Release */,
			);
			defaultConfigurationIsVisible = 0;
			defaultConfigurationName = Release;
		};
		007B1A8028007CCA00F8A9F7 /* Build configuration list for PBXNativeTarget "Netflix CloneUITests" */ = {
			isa = XCConfigurationList;
			buildConfigurations = (
				007B1A8128007CCA00F8A9F7 /* Debug */,
				007B1A8228007CCA00F8A9F7 /* Release */,
			);
			defaultConfigurationIsVisible = 0;
			defaultConfigurationName = Release;
		};
/* End XCConfigurationList section */

/* Begin XCRemoteSwiftPackageReference section */
		007B1A9F2801A00A00F8A9F7 /* XCRemoteSwiftPackageReference "SDWebImage" */ = {
			isa = XCRemoteSwiftPackageReference;
			repositoryURL = "https://github.com/SDWebImage/SDWebImage.git";
			requirement = {
				kind = upToNextMajorVersion;
				minimumVersion = 5.0.0;
			};
		};
/* End XCRemoteSwiftPackageReference section */

/* Begin XCSwiftPackageProductDependency section */
		007B1AA02801A00A00F8A9F7 /* SDWebImage */ = {
			isa = XCSwiftPackageProductDependency;
			package = 007B1A9F2801A00A00F8A9F7 /* XCRemoteSwiftPackageReference "SDWebImage" */;
			productName = SDWebImage;
		};
		007B1AA22801A00A00F8A9F7 /* SDWebImageMapKit */ = {
			isa = XCSwiftPackageProductDependency;
			package = 007B1A9F2801A00A00F8A9F7 /* XCRemoteSwiftPackageReference "SDWebImage" */;
			productName = SDWebImageMapKit;
		};
/* End XCSwiftPackageProductDependency section */
	};
	rootObject = 007B1A4828007CC800F8A9F7 /* Project object */;
}
